{
  "nodes": {
    "flake-compat": {
      "flake": false,
      "locked": {
        "lastModified": 1696426674,
        "narHash": "sha256-kvjfFW7WAETZlt09AgDn1MrtKzP7t90Vf7vypd3OL1U=",
        "owner": "edolstra",
        "repo": "flake-compat",
        "rev": "0f9255e01c2351cc7d116c072cb317785dd33b33",
        "type": "github"
      },
      "original": {
        "owner": "edolstra",
        "repo": "flake-compat",
        "type": "github"
      }
    },
    "libgit2": {
      "flake": false,
      "locked": {
        "lastModified": 1715855647,
        "narHash": "sha256-ySGS8jqR353Pumu62R/2yngCF+O4Dnt6KDyBPHsMQeI=",
        "owner": "libgit2",
        "repo": "libgit2",
        "rev": "6c5520f334e5652d5f0476c00a3188d1d97754e7",
        "type": "github"
      },
      "original": {
        "owner": "libgit2",
        "repo": "libgit2",
        "type": "github"
      }
    },
    "nixpkgs": {
      "locked": {
        "lastModified": 1717778907,
        "narHash": "sha256-qJH7II3FvAXBjUqaiqJGffNCkzfgmgB2JMtC1RPaeks=",
        "owner": "rhelmot",
        "repo": "nixpkgs",
        "rev": "77799a1f00729ae71753920593d034cab86a4696",
        "type": "github"
      },
      "original": {
        "owner": "rhelmot",
        "ref": "staging-test",
        "repo": "nixpkgs",
        "type": "github"
      }
    },
    "nixpkgs-regression": {
      "locked": {
        "lastModified": 1717778907,
        "narHash": "sha256-qJH7II3FvAXBjUqaiqJGffNCkzfgmgB2JMtC1RPaeks=",
        "owner": "rhelmot",
        "repo": "nixpkgs",
        "rev": "77799a1f00729ae71753920593d034cab86a4696",
        "type": "github"
      },
      "original": {
        "owner": "rhelmot",
        "ref": "staging-test",
        "repo": "nixpkgs",
        "type": "github"
      }
    },
    "root": {
      "inputs": {
        "flake-compat": "flake-compat",
        "libgit2": "libgit2",
        "nixpkgs": "nixpkgs",
        "nixpkgs-regression": "nixpkgs-regression"
      }
    }
  },
  "root": "root",
  "version": 7
}
